// !$*UTF8*$!
{
	archiveVersion = 1;
	classes = {
	};
	objectVersion = 46;
	objects = {

/* Begin PBXBuildFile section */
		7C686C331A4F02B900374018 /* BG Music.m4a in Resources */ = {isa = PBXBuildFile; fileRef = 7C686C321A4F02B900374018 /* BG Music.m4a */; };
		7C7474601A2A5A260020788B /* myParticle.sks in Resources */ = {isa = PBXBuildFile; fileRef = 7C74745E1A2A5A260020788B /* myParticle.sks */; };
		7C7474611A2A5A260020788B /* spark.png in Resources */ = {isa = PBXBuildFile; fileRef = 7C74745F1A2A5A260020788B /* spark.png */; };
		7C7474641A2AA90F0020788B /* boom.m4a in Resources */ = {isa = PBXBuildFile; fileRef = 7C7474621A2AA90F0020788B /* boom.m4a */; };
		7CB837311A52F07000A3685E /* Images.xcassets in Resources */ = {isa = PBXBuildFile; fileRef = 7CB837301A52F07000A3685E /* Images.xcassets */; };
		7CD312AE1A4C7A1F00D5E541 /* ow.m4a in Resources */ = {isa = PBXBuildFile; fileRef = 7CD312A81A4C7A1F00D5E541 /* ow.m4a */; };
		7CD312AF1A4C7A1F00D5E541 /* cymbalhit.m4a in Resources */ = {isa = PBXBuildFile; fileRef = 7CD312A91A4C7A1F00D5E541 /* cymbalhit.m4a */; };
		7CD312B01A4C7A1F00D5E541 /* snare.m4a in Resources */ = {isa = PBXBuildFile; fileRef = 7CD312AA1A4C7A1F00D5E541 /* snare.m4a */; };
		7CD312B11A4C7A1F00D5E541 /* imagehit.m4a in Resources */ = {isa = PBXBuildFile; fileRef = 7CD312AB1A4C7A1F00D5E541 /* imagehit.m4a */; };
		7CD312B21A4C7A1F00D5E541 /* hit.m4a in Resources */ = {isa = PBXBuildFile; fileRef = 7CD312AC1A4C7A1F00D5E541 /* hit.m4a */; };
		7CD312B31A4C7A1F00D5E541 /* crash.m4a in Resources */ = {isa = PBXBuildFile; fileRef = 7CD312AD1A4C7A1F00D5E541 /* crash.m4a */; };
		7CE2DA651A2A5175005729D5 /* GameScene.m in Sources */ = {isa = PBXBuildFile; fileRef = 7CE2DA641A2A5175005729D5 /* GameScene.m */; };
		7CE2DA671A2A51DE005729D5 /* GameScene.sks in Resources */ = {isa = PBXBuildFile; fileRef = 7CE2DA661A2A51DE005729D5 /* GameScene.sks */; };
		7CE53F651A2A1A2E00F2F802 /* main.m in Sources */ = {isa = PBXBuildFile; fileRef = 7CE53F641A2A1A2E00F2F802 /* main.m */; };
		7CE53F681A2A1A2E00F2F802 /* AppDelegate.m in Sources */ = {isa = PBXBuildFile; fileRef = 7CE53F671A2A1A2E00F2F802 /* AppDelegate.m */; };
		7CE53F6B1A2A1A2E00F2F802 /* ViewController.m in Sources */ = {isa = PBXBuildFile; fileRef = 7CE53F6A1A2A1A2E00F2F802 /* ViewController.m */; };
		7CE53F6E1A2A1A2E00F2F802 /* Main.storyboard in Resources */ = {isa = PBXBuildFile; fileRef = 7CE53F6C1A2A1A2E00F2F802 /* Main.storyboard */; };
		7CE53F731A2A1A2F00F2F802 /* LaunchScreen.xib in Resources */ = {isa = PBXBuildFile; fileRef = 7CE53F711A2A1A2F00F2F802 /* LaunchScreen.xib */; };
		7CE53F7F1A2A1A2F00F2F802 /* myNewImagePickerTests.m in Sources */ = {isa = PBXBuildFile; fileRef = 7CE53F7E1A2A1A2F00F2F802 /* myNewImagePickerTests.m */; };
/* End PBXBuildFile section */

/* Begin PBXContainerItemProxy section */
		7CE53F791A2A1A2F00F2F802 /* PBXContainerItemProxy */ = {
			isa = PBXContainerItemProxy;
			containerPortal = 7CE53F571A2A1A2E00F2F802 /* Project object */;
			proxyType = 1;
			remoteGlobalIDString = 7CE53F5E1A2A1A2E00F2F802;
			remoteInfo = myNewImagePicker;
		};
/* End PBXContainerItemProxy section */

/* Begin PBXFileReference section */
		7C686C321A4F02B900374018 /* BG Music.m4a */ = {isa = PBXFileReference; lastKnownFileType = file; path = "BG Music.m4a"; sourceTree = "<group>"; };
		7C74745E1A2A5A260020788B /* myParticle.sks */ = {isa = PBXFileReference; lastKnownFileType = file.sks; name = myParticle.sks; path = ../../newEyeCandy/newEyeCandy/myParticle.sks; sourceTree = "<group>"; };
		7C74745F1A2A5A260020788B /* spark.png */ = {isa = PBXFileReference; lastKnownFileType = image.png; name = spark.png; path = ../../newEyeCandy/newEyeCandy/spark.png; sourceTree = "<group>"; };
		7C7474621A2AA90F0020788B /* boom.m4a */ = {isa = PBXFileReference; lastKnownFileType = file; name = boom.m4a; path = ../../newEyeCandy/newEyeCandy/boom.m4a; sourceTree = "<group>"; };
		7CB837301A52F07000A3685E /* Images.xcassets */ = {isa = PBXFileReference; lastKnownFileType = folder.assetcatalog; path = Images.xcassets; sourceTree = "<group>"; };
		7CD312A81A4C7A1F00D5E541 /* ow.m4a */ = {isa = PBXFileReference; lastKnownFileType = file; path = ow.m4a; sourceTree = "<group>"; };
		7CD312A91A4C7A1F00D5E541 /* cymbalhit.m4a */ = {isa = PBXFileReference; lastKnownFileType = file; path = cymbalhit.m4a; sourceTree = "<group>"; };
		7CD312AA1A4C7A1F00D5E541 /* snare.m4a */ = {isa = PBXFileReference; lastKnownFileType = file; path = snare.m4a; sourceTree = "<group>"; };
		7CD312AB1A4C7A1F00D5E541 /* imagehit.m4a */ = {isa = PBXFileReference; lastKnownFileType = file; path = imagehit.m4a; sourceTree = "<group>"; };
		7CD312AC1A4C7A1F00D5E541 /* hit.m4a */ = {isa = PBXFileReference; lastKnownFileType = file; path = hit.m4a; sourceTree = "<group>"; };
		7CD312AD1A4C7A1F00D5E541 /* crash.m4a */ = {isa = PBXFileReference; lastKnownFileType = file; path = crash.m4a; sourceTree = "<group>"; };
		7CE2DA631A2A5175005729D5 /* GameScene.h */ = {isa = PBXFileReference; fileEncoding = 4; lastKnownFileType = sourcecode.c.h; path = GameScene.h; sourceTree = "<group>"; };
		7CE2DA641A2A5175005729D5 /* GameScene.m */ = {isa = PBXFileReference; fileEncoding = 4; lastKnownFileType = sourcecode.c.objc; path = GameScene.m; sourceTree = "<group>"; };
		7CE2DA661A2A51DE005729D5 /* GameScene.sks */ = {isa = PBXFileReference; lastKnownFileType = file.sks; path = GameScene.sks; sourceTree = "<group>"; };
		7CE53F5F1A2A1A2E00F2F802 /* myNewImagePicker.app */ = {isa = PBXFileReference; explicitFileType = wrapper.application; includeInIndex = 0; path = myNewImagePicker.app; sourceTree = BUILT_PRODUCTS_DIR; };
		7CE53F631A2A1A2E00F2F802 /* Info.plist */ = {isa = PBXFileReference; lastKnownFileType = text.plist.xml; path = Info.plist; sourceTree = "<group>"; };
		7CE53F641A2A1A2E00F2F802 /* main.m */ = {isa = PBXFileReference; lastKnownFileType = sourcecode.c.objc; path = main.m; sourceTree = "<group>"; };
		7CE53F661A2A1A2E00F2F802 /* AppDelegate.h */ = {isa = PBXFileReference; lastKnownFileType = sourcecode.c.h; path = AppDelegate.h; sourceTree = "<group>"; };
		7CE53F671A2A1A2E00F2F802 /* AppDelegate.m */ = {isa = PBXFileReference; lastKnownFileType = sourcecode.c.objc; path = AppDelegate.m; sourceTree = "<group>"; };
		7CE53F691A2A1A2E00F2F802 /* ViewController.h */ = {isa = PBXFileReference; lastKnownFileType = sourcecode.c.h; path = ViewController.h; sourceTree = "<group>"; };
		7CE53F6A1A2A1A2E00F2F802 /* ViewController.m */ = {isa = PBXFileReference; lastKnownFileType = sourcecode.c.objc; path = ViewController.m; sourceTree = "<group>"; };
		7CE53F6D1A2A1A2E00F2F802 /* Base */ = {isa = PBXFileReference; lastKnownFileType = file.storyboard; name = Base; path = Base.lproj/Main.storyboard; sourceTree = "<group>"; };
		7CE53F721A2A1A2F00F2F802 /* Base */ = {isa = PBXFileReference; lastKnownFileType = file.xib; name = Base; path = Base.lproj/LaunchScreen.xib; sourceTree = "<group>"; };
		7CE53F781A2A1A2F00F2F802 /* myNewImagePickerTests.xctest */ = {isa = PBXFileReference; explicitFileType = wrapper.cfbundle; includeInIndex = 0; path = myNewImagePickerTests.xctest; sourceTree = BUILT_PRODUCTS_DIR; };
		7CE53F7D1A2A1A2F00F2F802 /* Info.plist */ = {isa = PBXFileReference; lastKnownFileType = text.plist.xml; path = Info.plist; sourceTree = "<group>"; };
		7CE53F7E1A2A1A2F00F2F802 /* myNewImagePickerTests.m */ = {isa = PBXFileReference; lastKnownFileType = sourcecode.c.objc; path = myNewImagePickerTests.m; sourceTree = "<group>"; };
/* End PBXFileReference section */

/* Begin PBXFrameworksBuildPhase section */
		7CE53F5C1A2A1A2E00F2F802 /* Frameworks */ = {
			isa = PBXFrameworksBuildPhase;
			buildActionMask = 2147483647;
			files = (
			);
			runOnlyForDeploymentPostprocessing = 0;
		};
		7CE53F751A2A1A2F00F2F802 /* Frameworks */ = {
			isa = PBXFrameworksBuildPhase;
			buildActionMask = 2147483647;
			files = (
			);
			runOnlyForDeploymentPostprocessing = 0;
		};
/* End PBXFrameworksBuildPhase section */

/* Begin PBXGroup section */
		7CE53F561A2A1A2E00F2F802 = {
			isa = PBXGroup;
			children = (
				7CE53F611A2A1A2E00F2F802 /* myNewImagePicker */,
				7CE53F7B1A2A1A2F00F2F802 /* myNewImagePickerTests */,
				7CE53F601A2A1A2E00F2F802 /* Products */,
			);
			sourceTree = "<group>";
		};
		7CE53F601A2A1A2E00F2F802 /* Products */ = {
			isa = PBXGroup;
			children = (
				7CE53F5F1A2A1A2E00F2F802 /* myNewImagePicker.app */,
				7CE53F781A2A1A2F00F2F802 /* myNewImagePickerTests.xctest */,
			);
			name = Products;
			sourceTree = "<group>";
		};
		7CE53F611A2A1A2E00F2F802 /* myNewImagePicker */ = {
			isa = PBXGroup;
			children = (
				7CE2DA631A2A5175005729D5 /* GameScene.h */,
				7CE2DA641A2A5175005729D5 /* GameScene.m */,
				7CE2DA661A2A51DE005729D5 /* GameScene.sks */,
				7CE53F661A2A1A2E00F2F802 /* AppDelegate.h */,
				7CE53F671A2A1A2E00F2F802 /* AppDelegate.m */,
				7C74745E1A2A5A260020788B /* myParticle.sks */,
				7C74745F1A2A5A260020788B /* spark.png */,
				7CE53F691A2A1A2E00F2F802 /* ViewController.h */,
				7CE53F6A1A2A1A2E00F2F802 /* ViewController.m */,
				7CB837301A52F07000A3685E /* Images.xcassets */,
				7CE53F6C1A2A1A2E00F2F802 /* Main.storyboard */,
				7CE53F711A2A1A2F00F2F802 /* LaunchScreen.xib */,
				7CE53F621A2A1A2E00F2F802 /* Supporting Files */,
			);
			path = myNewImagePicker;
			sourceTree = "<group>";
		};
		7CE53F621A2A1A2E00F2F802 /* Supporting Files */ = {
			isa = PBXGroup;
			children = (
				7CD312A81A4C7A1F00D5E541 /* ow.m4a */,
				7CD312A91A4C7A1F00D5E541 /* cymbalhit.m4a */,
				7CD312AA1A4C7A1F00D5E541 /* snare.m4a */,
				7C686C321A4F02B900374018 /* BG Music.m4a */,
				7CD312AB1A4C7A1F00D5E541 /* imagehit.m4a */,
				7CD312AC1A4C7A1F00D5E541 /* hit.m4a */,
				7CD312AD1A4C7A1F00D5E541 /* crash.m4a */,
				7C7474621A2AA90F0020788B /* boom.m4a */,
				7CE53F631A2A1A2E00F2F802 /* Info.plist */,
				7CE53F641A2A1A2E00F2F802 /* main.m */,
			);
			name = "Supporting Files";
			sourceTree = "<group>";
		};
		7CE53F7B1A2A1A2F00F2F802 /* myNewImagePickerTests */ = {
			isa = PBXGroup;
			children = (
				7CE53F7E1A2A1A2F00F2F802 /* myNewImagePickerTests.m */,
				7CE53F7C1A2A1A2F00F2F802 /* Supporting Files */,
			);
			path = myNewImagePickerTests;
			sourceTree = "<group>";
		};
		7CE53F7C1A2A1A2F00F2F802 /* Supporting Files */ = {
			isa = PBXGroup;
			children = (
				7CE53F7D1A2A1A2F00F2F802 /* Info.plist */,
			);
			name = "Supporting Files";
			sourceTree = "<group>";
		};
/* End PBXGroup section */

/* Begin PBXNativeTarget section */
		7CE53F5E1A2A1A2E00F2F802 /* myNewImagePicker */ = {
			isa = PBXNativeTarget;
			buildConfigurationList = 7CE53F821A2A1A2F00F2F802 /* Build configuration list for PBXNativeTarget "myNewImagePicker" */;
			buildPhases = (
				7CE53F5B1A2A1A2E00F2F802 /* Sources */,
				7CE53F5C1A2A1A2E00F2F802 /* Frameworks */,
				7CE53F5D1A2A1A2E00F2F802 /* Resources */,
			);
			buildRules = (
			);
			dependencies = (
			);
			name = myNewImagePicker;
			productName = myNewImagePicker;
			productReference = 7CE53F5F1A2A1A2E00F2F802 /* myNewImagePicker.app */;
			productType = "com.apple.product-type.application";
		};
		7CE53F771A2A1A2F00F2F802 /* myNewImagePickerTests */ = {
			isa = PBXNativeTarget;
			buildConfigurationList = 7CE53F851A2A1A2F00F2F802 /* Build configuration list for PBXNativeTarget "myNewImagePickerTests" */;
			buildPhases = (
				7CE53F741A2A1A2F00F2F802 /* Sources */,
				7CE53F751A2A1A2F00F2F802 /* Frameworks */,
				7CE53F761A2A1A2F00F2F802 /* Resources */,
			);
			buildRules = (
			);
			dependencies = (
				7CE53F7A1A2A1A2F00F2F802 /* PBXTargetDependency */,
			);
			name = myNewImagePickerTests;
			productName = myNewImagePickerTests;
			productReference = 7CE53F781A2A1A2F00F2F802 /* myNewImagePickerTests.xctest */;
			productType = "com.apple.product-type.bundle.unit-test";
		};
/* End PBXNativeTarget section */

/* Begin PBXProject section */
		7CE53F571A2A1A2E00F2F802 /* Project object */ = {
			isa = PBXProject;
			attributes = {
				LastUpgradeCheck = 0610;
				ORGANIZATIONNAME = "Robert Zimmelman";
				TargetAttributes = {
					7CE53F5E1A2A1A2E00F2F802 = {
						CreatedOnToolsVersion = 6.1;
						DevelopmentTeam = 8RV36K5JJ4;
					};
					7CE53F771A2A1A2F00F2F802 = {
						CreatedOnToolsVersion = 6.1;
						TestTargetID = 7CE53F5E1A2A1A2E00F2F802;
					};
				};
			};
			buildConfigurationList = 7CE53F5A1A2A1A2E00F2F802 /* Build configuration list for PBXProject "myNewImagePicker" */;
			compatibilityVersion = "Xcode 3.2";
			developmentRegion = English;
			hasScannedForEncodings = 0;
			knownRegions = (
				en,
				Base,
			);
			mainGroup = 7CE53F561A2A1A2E00F2F802;
			productRefGroup = 7CE53F601A2A1A2E00F2F802 /* Products */;
			projectDirPath = "";
			projectRoot = "";
			targets = (
				7CE53F5E1A2A1A2E00F2F802 /* myNewImagePicker */,
				7CE53F771A2A1A2F00F2F802 /* myNewImagePickerTests */,
			);
		};
/* End PBXProject section */

/* Begin PBXResourcesBuildPhase section */
		7CE53F5D1A2A1A2E00F2F802 /* Resources */ = {
			isa = PBXResourcesBuildPhase;
			buildActionMask = 2147483647;
			files = (
				7CD312B31A4C7A1F00D5E541 /* crash.m4a in Resources */,
				7CD312AE1A4C7A1F00D5E541 /* ow.m4a in Resources */,
				7CD312B11A4C7A1F00D5E541 /* imagehit.m4a in Resources */,
				7C7474641A2AA90F0020788B /* boom.m4a in Resources */,
				7CB837311A52F07000A3685E /* Images.xcassets in Resources */,
				7CE2DA671A2A51DE005729D5 /* GameScene.sks in Resources */,
				7C686C331A4F02B900374018 /* BG Music.m4a in Resources */,
				7CD312AF1A4C7A1F00D5E541 /* cymbalhit.m4a in Resources */,
				7C7474611A2A5A260020788B /* spark.png in Resources */,
				7CD312B21A4C7A1F00D5E541 /* hit.m4a in Resources */,
				7CE53F6E1A2A1A2E00F2F802 /* Main.storyboard in Resources */,
				7CE53F731A2A1A2F00F2F802 /* LaunchScreen.xib in Resources */,
				7C7474601A2A5A260020788B /* myParticle.sks in Resources */,
				7CD312B01A4C7A1F00D5E541 /* snare.m4a in Resources */,
			);
			runOnlyForDeploymentPostprocessing = 0;
		};
		7CE53F761A2A1A2F00F2F802 /* Resources */ = {
			isa = PBXResourcesBuildPhase;
			buildActionMask = 2147483647;
			files = (
			);
			runOnlyForDeploymentPostprocessing = 0;
		};
/* End PBXResourcesBuildPhase section */

/* Begin PBXSourcesBuildPhase section */
		7CE53F5B1A2A1A2E00F2F802 /* Sources */ = {
			isa = PBXSourcesBuildPhase;
			buildActionMask = 2147483647;
			files = (
				7CE53F6B1A2A1A2E00F2F802 /* ViewController.m in Sources */,
				7CE53F681A2A1A2E00F2F802 /* AppDelegate.m in Sources */,
				7CE2DA651A2A5175005729D5 /* GameScene.m in Sources */,
				7CE53F651A2A1A2E00F2F802 /* main.m in Sources */,
			);
			runOnlyForDeploymentPostprocessing = 0;
		};
		7CE53F741A2A1A2F00F2F802 /* Sources */ = {
			isa = PBXSourcesBuildPhase;
			buildActionMask = 2147483647;
			files = (
				7CE53F7F1A2A1A2F00F2F802 /* myNewImagePickerTests.m in Sources */,
			);
			runOnlyForDeploymentPostprocessing = 0;
		};
/* End PBXSourcesBuildPhase section */

/* Begin PBXTargetDependency section */
		7CE53F7A1A2A1A2F00F2F802 /* PBXTargetDependency */ = {
			isa = PBXTargetDependency;
			target = 7CE53F5E1A2A1A2E00F2F802 /* myNewImagePicker */;
			targetProxy = 7CE53F791A2A1A2F00F2F802 /* PBXContainerItemProxy */;
		};
/* End PBXTargetDependency section */

/* Begin PBXVariantGroup section */
		7CE53F6C1A2A1A2E00F2F802 /* Main.storyboard */ = {
			isa = PBXVariantGroup;
			children = (
				7CE53F6D1A2A1A2E00F2F802 /* Base */,
			);
			name = Main.storyboard;
			sourceTree = "<group>";
		};
		7CE53F711A2A1A2F00F2F802 /* LaunchScreen.xib */ = {
			isa = PBXVariantGroup;
			children = (
				7CE53F721A2A1A2F00F2F802 /* Base */,
			);
			name = LaunchScreen.xib;
			sourceTree = "<group>";
		};
/* End PBXVariantGroup section */

/* Begin XCBuildConfiguration section */
		7CE53F801A2A1A2F00F2F802 /* Debug */ = {
			isa = XCBuildConfiguration;
			buildSettings = {
				ALWAYS_SEARCH_USER_PATHS = NO;
				CLANG_CXX_LANGUAGE_STANDARD = "gnu++0x";
				CLANG_CXX_LIBRARY = "libc++";
				CLANG_ENABLE_MODULES = YES;
				CLANG_ENABLE_OBJC_ARC = YES;
				CLANG_WARN_BOOL_CONVERSION = YES;
				CLANG_WARN_CONSTANT_CONVERSION = YES;
				CLANG_WARN_DIRECT_OBJC_ISA_USAGE = YES_ERROR;
				CLANG_WARN_EMPTY_BODY = YES;
				CLANG_WARN_ENUM_CONVERSION = YES;
				CLANG_WARN_INT_CONVERSION = YES;
				CLANG_WARN_OBJC_ROOT_CLASS = YES_ERROR;
				CLANG_WARN_UNREACHABLE_CODE = YES;
				CLANG_WARN__DUPLICATE_METHOD_MATCH = YES;
				"CODE_SIGN_IDENTITY[sdk=iphoneos*]" = "iPhone Developer";
				COPY_PHASE_STRIP = NO;
				ENABLE_STRICT_OBJC_MSGSEND = YES;
				GCC_C_LANGUAGE_STANDARD = gnu99;
				GCC_DYNAMIC_NO_PIC = NO;
				GCC_OPTIMIZATION_LEVEL = 0;
				GCC_PREPROCESSOR_DEFINITIONS = (
					"DEBUG=1",
					"$(inherited)",
				);
				GCC_SYMBOLS_PRIVATE_EXTERN = NO;
				GCC_WARN_64_TO_32_BIT_CONVERSION = YES;
				GCC_WARN_ABOUT_RETURN_TYPE = YES_ERROR;
				GCC_WARN_UNDECLARED_SELECTOR = YES;
				GCC_WARN_UNINITIALIZED_AUTOS = YES_AGGRESSIVE;
				GCC_WARN_UNUSED_FUNCTION = YES;
				GCC_WARN_UNUSED_VARIABLE = YES;
				IPHONEOS_DEPLOYMENT_TARGET = 8.1;
				MTL_ENABLE_DEBUG_INFO = YES;
				ONLY_ACTIVE_ARCH = YES;
				SDKROOT = iphoneos;
			};
			name = Debug;
		};
		7CE53F811A2A1A2F00F2F802 /* Release */ = {
			isa = XCBuildConfiguration;
			buildSettings = {
				ALWAYS_SEARCH_USER_PATHS = NO;
				CLANG_CXX_LANGUAGE_STANDARD = "gnu++0x";
				CLANG_CXX_LIBRARY = "libc++";
				CLANG_ENABLE_MODULES = YES;
				CLANG_ENABLE_OBJC_ARC = YES;
				CLANG_WARN_BOOL_CONVERSION = YES;
				CLANG_WARN_CONSTANT_CONVERSION = YES;
				CLANG_WARN_DIRECT_OBJC_ISA_USAGE = YES_ERROR;
				CLANG_WARN_EMPTY_BODY = YES;
				CLANG_WARN_ENUM_CONVERSION = YES;
				CLANG_WARN_INT_CONVERSION = YES;
				CLANG_WARN_OBJC_ROOT_CLASS = YES_ERROR;
				CLANG_WARN_UNREACHABLE_CODE = YES;
				CLANG_WARN__DUPLICATE_METHOD_MATCH = YES;
				"CODE_SIGN_IDENTITY[sdk=iphoneos*]" = "iPhone Developer";
				COPY_PHASE_STRIP = YES;
				ENABLE_NS_ASSERTIONS = NO;
				ENABLE_STRICT_OBJC_MSGSEND = YES;
				GCC_C_LANGUAGE_STANDARD = gnu99;
				GCC_WARN_64_TO_32_BIT_CONVERSION = YES;
				GCC_WARN_ABOUT_RETURN_TYPE = YES_ERROR;
				GCC_WARN_UNDECLARED_SELECTOR = YES;
				GCC_WARN_UNINITIALIZED_AUTOS = YES_AGGRESSIVE;
				GCC_WARN_UNUSED_FUNCTION = YES;
				GCC_WARN_UNUSED_VARIABLE = YES;
				IPHONEOS_DEPLOYMENT_TARGET = 8.1;
				MTL_ENABLE_DEBUG_INFO = NO;
				SDKROOT = iphoneos;
				VALIDATE_PRODUCT = YES;
			};
			name = Release;
		};
		7CE53F831A2A1A2F00F2F802 /* Debug */ = {
			isa = XCBuildConfiguration;
			buildSettings = {
				ASSETCATALOG_COMPILER_APPICON_NAME = AppIcon;
				CODE_SIGN_IDENTITY = "iPhone Developer";
				"CODE_SIGN_IDENTITY[sdk=iphoneos*]" = "iPhone Developer";
				INFOPLIST_FILE = myNewImagePicker/Info.plist;
				LD_RUNPATH_SEARCH_PATHS = "$(inherited) @executable_path/Frameworks";
				PRODUCT_NAME = "$(TARGET_NAME)";
				PROVISIONING_PROFILE = "";
				TARGETED_DEVICE_FAMILY = 1;
			};
			name = Debug;
		};
		7CE53F841A2A1A2F00F2F802 /* Release */ = {
			isa = XCBuildConfiguration;
			buildSettings = {
				ASSETCATALOG_COMPILER_APPICON_NAME = AppIcon;
				CODE_SIGN_IDENTITY = "iPhone Developer";
				"CODE_SIGN_IDENTITY[sdk=*]" = "iPhone Developer";
				INFOPLIST_FILE = myNewImagePicker/Info.plist;
				LD_RUNPATH_SEARCH_PATHS = "$(inherited) @executable_path/Frameworks";
				PRODUCT_NAME = "$(TARGET_NAME)";
				PROVISIONING_PROFILE = "";
				TARGETED_DEVICE_FAMILY = 1;
			};
			name = Release;
		};
		7CE53F861A2A1A2F00F2F802 /* Debug */ = {
			isa = XCBuildConfiguration;
			buildSettings = {
				BUNDLE_LOADER = "$(TEST_HOST)";
				FRAMEWORK_SEARCH_PATHS = (
					"$(SDKROOT)/Developer/Library/Frameworks",
					"$(inherited)",
				);
				GCC_PREPROCESSOR_DEFINITIONS = (
					"DEBUG=1",
					"$(inherited)",
				);
				INFOPLIST_FILE = myNewImagePickerTests/Info.plist;
				LD_RUNPATH_SEARCH_PATHS = "$(inherited) @executable_path/Frameworks @loader_path/Frameworks";
				PRODUCT_NAME = "$(TARGET_NAME)";
				TEST_HOST = "$(BUILT_PRODUCTS_DIR)/myNewImagePicker.app/myNewImagePicker";
			};
			name = Debug;
		};
		7CE53F871A2A1A2F00F2F802 /* Release */ = {
			isa = XCBuildConfiguration;
			buildSettings = {
				BUNDLE_LOADER = "$(TEST_HOST)";
				FRAMEWORK_SEARCH_PATHS = (
					"$(SDKROOT)/Developer/Library/Frameworks",
					"$(inherited)",
				);
				INFOPLIST_FILE = myNewImagePickerTests/Info.plist;
				LD_RUNPATH_SEARCH_PATHS = "$(inherited) @executable_path/Frameworks @loader_path/Frameworks";
				PRODUCT_NAME = "$(TARGET_NAME)";
				TEST_HOST = "$(BUILT_PRODUCTS_DIR)/myNewImagePicker.app/myNewImagePicker";
			};
			name = Release;
		};
/* End XCBuildConfiguration section */

/* Begin XCConfigurationList section */
		7CE53F5A1A2A1A2E00F2F802 /* Build configuration list for PBXProject "myNewImagePicker" */ = {
			isa = XCConfigurationList;
			buildConfigurations = (
				7CE53F801A2A1A2F00F2F802 /* Debug */,
				7CE53F811A2A1A2F00F2F802 /* Release */,
			);
			defaultConfigurationIsVisible = 0;
			defaultConfigurationName = Release;
		};
		7CE53F821A2A1A2F00F2F802 /* Build configuration list for PBXNativeTarget "myNewImagePicker" */ = {
			isa = XCConfigurationList;
			buildConfigurations = (
				7CE53F831A2A1A2F00F2F802 /* Debug */,
				7CE53F841A2A1A2F00F2F802 /* Release */,
			);
			defaultConfigurationIsVisible = 0;
			defaultConfigurationName = Release;
		};
		7CE53F851A2A1A2F00F2F802 /* Build configuration list for PBXNativeTarget "myNewImagePickerTests" */ = {
			isa = XCConfigurationList;
			buildConfigurations = (
				7CE53F861A2A1A2F00F2F802 /* Debug */,
				7CE53F871A2A1A2F00F2F802 /* Release */,
			);
			defaultConfigurationIsVisible = 0;
			defaultConfigurationName = Release;
		};
/* End XCConfigurationList section */
	};
	rootObject = 7CE53F571A2A1A2E00F2F802 /* Project object */;
}
